
Microsoft Visual Studio Solution File, Format Version 12.00
# Visual Studio Version 17
VisualStudioVersion = 17.11.35327.3
MinimumVisualStudioVersion = 10.0.40219.1
Project("{FAE04EC0-301F-11D3-BF4B-00C04F79EFBC}") = "MVC", "MVC\MVC.csproj", "{30FF48FB-5839-4882-976B-21E05DA137A6}"
EndProject
Project("{FAE04EC0-301F-11D3-BF4B-00C04F79EFBC}") = "BLL", "BLL\BLL.csproj", "{08BA649E-ACC2-47AA-9611-160D64996E21}"
EndProject
Project("{FAE04EC0-301F-11D3-BF4B-00C04F79EFBC}") = "DAL", "DAL\DAL.csproj", "{5D218448-08F2-4BC0-A5C7-042CA62E5118}"
EndProject
Global
	GlobalSection(SolutionConfigurationPlatforms) = preSolution
		Debug|Any CPU = Debug|Any CPU
		Release|Any CPU = Release|Any CPU
	EndGlobalSection
	GlobalSection(ProjectConfigurationPlatforms) = postSolution
		{30FF48FB-5839-4882-976B-21E05DA137A6}.Debug|Any CPU.ActiveCfg = Debug|Any CPU
		{30FF48FB-5839-4882-976B-21E05DA137A6}.Debug|Any CPU.Build.0 = Debug|Any CPU
		{30FF48FB-5839-4882-976B-21E05DA137A6}.Release|Any CPU.ActiveCfg = Release|Any CPU
		{30FF48FB-5839-4882-976B-21E05DA137A6}.Release|Any CPU.Build.0 = Release|Any CPU
		{08BA649E-ACC2-47AA-9611-160D64996E21}.Debug|Any CPU.ActiveCfg = Debug|Any CPU
		{08BA649E-ACC2-47AA-9611-160D64996E21}.Debug|Any CPU.Build.0 = Debug|Any CPU
		{08BA649E-ACC2-47AA-9611-160D64996E21}.Release|Any CPU.ActiveCfg = Release|Any CPU
		{08BA649E-ACC2-47AA-9611-160D64996E21}.Release|Any CPU.Build.0 = Release|Any CPU
		{5D218448-08F2-4BC0-A5C7-042CA62E5118}.Debug|Any CPU.ActiveCfg = Debug|Any CPU
		{5D218448-08F2-4BC0-A5C7-042CA62E5118}.Debug|Any CPU.Build.0 = Debug|Any CPU
		{5D218448-08F2-4BC0-A5C7-042CA62E5118}.Release|Any CPU.ActiveCfg = Release|Any CPU
		{5D218448-08F2-4BC0-A5C7-042CA62E5118}.Release|Any CPU.Build.0 = Release|Any CPU
	EndGlobalSection
	GlobalSection(SolutionProperties) = preSolution
		HideSolutionNode = FALSE
	EndGlobalSection
	GlobalSection(ExtensibilityGlobals) = postSolution
		SolutionGuid = {A5785F66-F341-4782-B1D1-6BD43D757722}
	EndGlobalSection
EndGlobal
